
Microsoft Visual Studio Solution File, Format Version 12.00
# Visual Studio Version 16
VisualStudioVersion = 16.0.31702.278
MinimumVisualStudioVersion = 10.0.40219.1
Project("{FAE04EC0-301F-11D3-BF4B-00C04F79EFBC}") = "WebApplication13aaa", "WebApplication13aaa\WebApplication13aaa.csproj", "{E7D251D5-4C8A-4512-A1E7-1DD77CDD0EDA}"
EndProject
Global
	GlobalSection(SolutionConfigurationPlatforms) = preSolution
		Debug|Any CPU = Debug|Any CPU
		Release|Any CPU = Release|Any CPU
	EndGlobalSection
	GlobalSection(ProjectConfigurationPlatforms) = postSolution
		{E7D251D5-4C8A-4512-A1E7-1DD77CDD0EDA}.Debug|Any CPU.ActiveCfg = Debug|Any CPU
		{E7D251D5-4C8A-4512-A1E7-1DD77CDD0EDA}.Debug|Any CPU.Build.0 = Debug|Any CPU
		{E7D251D5-4C8A-4512-A1E7-1DD77CDD0EDA}.Release|Any CPU.ActiveCfg = Release|Any CPU
		{E7D251D5-4C8A-4512-A1E7-1DD77CDD0EDA}.Release|Any CPU.Build.0 = Release|Any CPU
	EndGlobalSection
	GlobalSection(SolutionProperties) = preSolution
		HideSolutionNode = FALSE
	EndGlobalSection
	GlobalSection(ExtensibilityGlobals) = postSolution
		SolutionGuid = {0A63922B-85E0-4D17-BFFB-91AA2117ACCF}
	EndGlobalSection
EndGlobal
